
Microsoft Visual Studio Solution File, Format Version 12.00
# Visual Studio Version 16
VisualStudioVersion = 16.0.31025.194
MinimumVisualStudioVersion = 10.0.40219.1
Project("{FAE04EC0-301F-11D3-BF4B-00C04F79EFBC}") = "ContosoUniversity", "ContosoUniversity.csproj", "{37BEC7E9-32D5-439F-81CB-378939B9A94C}"
EndProject
Global
	GlobalSection(SolutionConfigurationPlatforms) = preSolution
		Debug|Any CPU = Debug|Any CPU
		Release|Any CPU = Release|Any CPU
	EndGlobalSection
	GlobalSection(ProjectConfigurationPlatforms) = postSolution
		{37BEC7E9-32D5-439F-81CB-378939B9A94C}.Debug|Any CPU.ActiveCfg = Debug|Any CPU
		{37BEC7E9-32D5-439F-81CB-378939B9A94C}.Debug|Any CPU.Build.0 = Debug|Any CPU
		{37BEC7E9-32D5-439F-81CB-378939B9A94C}.Release|Any CPU.ActiveCfg = Release|Any CPU
		{37BEC7E9-32D5-439F-81CB-378939B9A94C}.Release|Any CPU.Build.0 = Release|Any CPU
	EndGlobalSection
	GlobalSection(SolutionProperties) = preSolution
		HideSolutionNode = FALSE
	EndGlobalSection
	GlobalSection(ExtensibilityGlobals) = postSolution
		SolutionGuid = {6AC7FFB9-1A07-4EF2-9DC8-546057A293D8}
	EndGlobalSection
EndGlobal
